// !$*UTF8*$!
{
	archiveVersion = 1;
	classes = {
	};
	objectVersion = 56;
	objects = {

/* Begin PBXBuildFile section */
		EC92D8372CB8F91500DE6D29 /* AppDelegate.swift in Sources */ = {isa = PBXBuildFile; fileRef = EC92D8362CB8F91500DE6D29 /* AppDelegate.swift */; };
		EC92D8392CB8F91500DE6D29 /* SceneDelegate.swift in Sources */ = {isa = PBXBuildFile; fileRef = EC92D8382CB8F91500DE6D29 /* SceneDelegate.swift */; };
		EC92D83B2CB8F91500DE6D29 /* MainViewController.swift in Sources */ = {isa = PBXBuildFile; fileRef = EC92D83A2CB8F91500DE6D29 /* MainViewController.swift */; };
		EC92D83E2CB8F91500DE6D29 /* Base in Resources */ = {isa = PBXBuildFile; fileRef = EC92D83D2CB8F91500DE6D29 /* Base */; };
		EC92D8402CB8F91600DE6D29 /* Assets.xcassets in Resources */ = {isa = PBXBuildFile; fileRef = EC92D83F2CB8F91600DE6D29 /* Assets.xcassets */; };
		EC92D8432CB8F91600DE6D29 /* Base in Resources */ = {isa = PBXBuildFile; fileRef = EC92D8422CB8F91600DE6D29 /* Base */; };
		EC92D8542CB8FA5500DE6D29 /* ToDo.swift in Sources */ = {isa = PBXBuildFile; fileRef = EC92D8532CB8FA5500DE6D29 /* ToDo.swift */; };
		EC92D8632CB92B5B00DE6D29 /* FMDatabaseQueue.m in Sources */ = {isa = PBXBuildFile; fileRef = EC92D85A2CB92B5B00DE6D29 /* FMDatabaseQueue.m */; };
		EC92D8642CB92B5B00DE6D29 /* FMDatabasePool.m in Sources */ = {isa = PBXBuildFile; fileRef = EC92D85B2CB92B5B00DE6D29 /* FMDatabasePool.m */; };
		EC92D8652CB92B5B00DE6D29 /* FMResultSet.m in Sources */ = {isa = PBXBuildFile; fileRef = EC92D85D2CB92B5B00DE6D29 /* FMResultSet.m */; };
		EC92D8662CB92B5B00DE6D29 /* FMDatabase.m in Sources */ = {isa = PBXBuildFile; fileRef = EC92D85F2CB92B5B00DE6D29 /* FMDatabase.m */; };
		EC92D8672CB92B5B00DE6D29 /* FMDatabaseAdditions.m in Sources */ = {isa = PBXBuildFile; fileRef = EC92D8612CB92B5B00DE6D29 /* FMDatabaseAdditions.m */; };
		EC92D8692CB92E1700DE6D29 /* ToDoList.sqlite in Resources */ = {isa = PBXBuildFile; fileRef = EC92D8682CB92E1700DE6D29 /* ToDoList.sqlite */; };
		EC92D86B2CB9305F00DE6D29 /* ToDoViewModel.swift in Sources */ = {isa = PBXBuildFile; fileRef = EC92D86A2CB9305F00DE6D29 /* ToDoViewModel.swift */; };
		EC92D86E2CB9331D00DE6D29 /* Cell.swift in Sources */ = {isa = PBXBuildFile; fileRef = EC92D86D2CB9331D00DE6D29 /* Cell.swift */; };
		EC92D8702CB9589400DE6D29 /* DetailViewController.swift in Sources */ = {isa = PBXBuildFile; fileRef = EC92D86F2CB9589400DE6D29 /* DetailViewController.swift */; };
		EC92D8722CB95A1F00DE6D29 /* AddToDoViewController.swift in Sources */ = {isa = PBXBuildFile; fileRef = EC92D8712CB95A1F00DE6D29 /* AddToDoViewController.swift */; };
/* End PBXBuildFile section */

/* Begin PBXFileReference section */
		EC92D8332CB8F91500DE6D29 /* Innova7.Odev-SQLite-ToDoListe.app */ = {isa = PBXFileReference; explicitFileType = wrapper.application; includeInIndex = 0; path = "Innova7.Odev-SQLite-ToDoListe.app"; sourceTree = BUILT_PRODUCTS_DIR; };
		EC92D8362CB8F91500DE6D29 /* AppDelegate.swift */ = {isa = PBXFileReference; lastKnownFileType = sourcecode.swift; path = AppDelegate.swift; sourceTree = "<group>"; };
		EC92D8382CB8F91500DE6D29 /* SceneDelegate.swift */ = {isa = PBXFileReference; lastKnownFileType = sourcecode.swift; path = SceneDelegate.swift; sourceTree = "<group>"; };
		EC92D83A2CB8F91500DE6D29 /* MainViewController.swift */ = {isa = PBXFileReference; lastKnownFileType = sourcecode.swift; path = MainViewController.swift; sourceTree = "<group>"; };
		EC92D83D2CB8F91500DE6D29 /* Base */ = {isa = PBXFileReference; lastKnownFileType = file.storyboard; name = Base; path = Base.lproj/Main.storyboard; sourceTree = "<group>"; };
		EC92D83F2CB8F91600DE6D29 /* Assets.xcassets */ = {isa = PBXFileReference; lastKnownFileType = folder.assetcatalog; path = Assets.xcassets; sourceTree = "<group>"; };
		EC92D8422CB8F91600DE6D29 /* Base */ = {isa = PBXFileReference; lastKnownFileType = file.storyboard; name = Base; path = Base.lproj/LaunchScreen.storyboard; sourceTree = "<group>"; };
		EC92D8442CB8F91600DE6D29 /* Info.plist */ = {isa = PBXFileReference; lastKnownFileType = text.plist.xml; path = Info.plist; sourceTree = "<group>"; };
		EC92D8532CB8FA5500DE6D29 /* ToDo.swift */ = {isa = PBXFileReference; lastKnownFileType = sourcecode.swift; path = ToDo.swift; sourceTree = "<group>"; };
		EC92D8562CB92B0200DE6D29 /* libsqlite3.tbd */ = {isa = PBXFileReference; lastKnownFileType = "sourcecode.text-based-dylib-definition"; name = libsqlite3.tbd; path = usr/lib/libsqlite3.tbd; sourceTree = SDKROOT; };
		EC92D8572CB92B5A00DE6D29 /* Innova7.Odev-SQLite-ToDoListe-Bridging-Header.h */ = {isa = PBXFileReference; lastKnownFileType = sourcecode.c.h; path = "Innova7.Odev-SQLite-ToDoListe-Bridging-Header.h"; sourceTree = "<group>"; };
		EC92D8582CB92B5B00DE6D29 /* FMDatabaseQueue.h */ = {isa = PBXFileReference; fileEncoding = 4; lastKnownFileType = sourcecode.c.h; path = FMDatabaseQueue.h; sourceTree = "<group>"; };
		EC92D8592CB92B5B00DE6D29 /* FMDB.h */ = {isa = PBXFileReference; fileEncoding = 4; lastKnownFileType = sourcecode.c.h; path = FMDB.h; sourceTree = "<group>"; };
		EC92D85A2CB92B5B00DE6D29 /* FMDatabaseQueue.m */ = {isa = PBXFileReference; fileEncoding = 4; lastKnownFileType = sourcecode.c.objc; path = FMDatabaseQueue.m; sourceTree = "<group>"; };
		EC92D85B2CB92B5B00DE6D29 /* FMDatabasePool.m */ = {isa = PBXFileReference; fileEncoding = 4; lastKnownFileType = sourcecode.c.objc; path = FMDatabasePool.m; sourceTree = "<group>"; };
		EC92D85C2CB92B5B00DE6D29 /* FMDatabaseAdditions.h */ = {isa = PBXFileReference; fileEncoding = 4; lastKnownFileType = sourcecode.c.h; path = FMDatabaseAdditions.h; sourceTree = "<group>"; };
		EC92D85D2CB92B5B00DE6D29 /* FMResultSet.m */ = {isa = PBXFileReference; fileEncoding = 4; lastKnownFileType = sourcecode.c.objc; path = FMResultSet.m; sourceTree = "<group>"; };
		EC92D85E2CB92B5B00DE6D29 /* FMResultSet.h */ = {isa = PBXFileReference; fileEncoding = 4; lastKnownFileType = sourcecode.c.h; path = FMResultSet.h; sourceTree = "<group>"; };
		EC92D85F2CB92B5B00DE6D29 /* FMDatabase.m */ = {isa = PBXFileReference; fileEncoding = 4; lastKnownFileType = sourcecode.c.objc; path = FMDatabase.m; sourceTree = "<group>"; };
		EC92D8602CB92B5B00DE6D29 /* FMDatabasePool.h */ = {isa = PBXFileReference; fileEncoding = 4; lastKnownFileType = sourcecode.c.h; path = FMDatabasePool.h; sourceTree = "<group>"; };
		EC92D8612CB92B5B00DE6D29 /* FMDatabaseAdditions.m */ = {isa = PBXFileReference; fileEncoding = 4; lastKnownFileType = sourcecode.c.objc; path = FMDatabaseAdditions.m; sourceTree = "<group>"; };
		EC92D8622CB92B5B00DE6D29 /* FMDatabase.h */ = {isa = PBXFileReference; fileEncoding = 4; lastKnownFileType = sourcecode.c.h; path = FMDatabase.h; sourceTree = "<group>"; };
		EC92D8682CB92E1700DE6D29 /* ToDoList.sqlite */ = {isa = PBXFileReference; lastKnownFileType = file; path = ToDoList.sqlite; sourceTree = SOURCE_ROOT; };
		EC92D86A2CB9305F00DE6D29 /* ToDoViewModel.swift */ = {isa = PBXFileReference; lastKnownFileType = sourcecode.swift; path = ToDoViewModel.swift; sourceTree = "<group>"; };
		EC92D86D2CB9331D00DE6D29 /* Cell.swift */ = {isa = PBXFileReference; lastKnownFileType = sourcecode.swift; path = Cell.swift; sourceTree = "<group>"; };
		EC92D86F2CB9589400DE6D29 /* DetailViewController.swift */ = {isa = PBXFileReference; lastKnownFileType = sourcecode.swift; path = DetailViewController.swift; sourceTree = "<group>"; };
		EC92D8712CB95A1F00DE6D29 /* AddToDoViewController.swift */ = {isa = PBXFileReference; lastKnownFileType = sourcecode.swift; path = AddToDoViewController.swift; sourceTree = "<group>"; };
/* End PBXFileReference section */

/* Begin PBXFrameworksBuildPhase section */
		EC92D8302CB8F91500DE6D29 /* Frameworks */ = {
			isa = PBXFrameworksBuildPhase;
			buildActionMask = 2147483647;
			files = (
			);
			runOnlyForDeploymentPostprocessing = 0;
		};
/* End PBXFrameworksBuildPhase section */

/* Begin PBXGroup section */
		EC92D82A2CB8F91500DE6D29 = {
			isa = PBXGroup;
			children = (
				EC92D8352CB8F91500DE6D29 /* Innova7.Odev-SQLite-ToDoListe */,
				EC92D8342CB8F91500DE6D29 /* Products */,
				EC92D8552CB92B0200DE6D29 /* Frameworks */,
			);
			sourceTree = "<group>";
		};
		EC92D8342CB8F91500DE6D29 /* Products */ = {
			isa = PBXGroup;
			children = (
				EC92D8332CB8F91500DE6D29 /* Innova7.Odev-SQLite-ToDoListe.app */,
			);
			name = Products;
			sourceTree = "<group>";
		};
		EC92D8352CB8F91500DE6D29 /* Innova7.Odev-SQLite-ToDoListe */ = {
			isa = PBXGroup;
			children = (
				EC92D8362CB8F91500DE6D29 /* AppDelegate.swift */,
				EC92D8382CB8F91500DE6D29 /* SceneDelegate.swift */,
				EC92D84E2CB8F9AE00DE6D29 /* Modul */,
				EC92D84F2CB8F9C800DE6D29 /* UI */,
				EC92D83C2CB8F91500DE6D29 /* Main.storyboard */,
				EC92D83F2CB8F91600DE6D29 /* Assets.xcassets */,
				EC92D8622CB92B5B00DE6D29 /* FMDatabase.h */,
				EC92D85F2CB92B5B00DE6D29 /* FMDatabase.m */,
				EC92D85C2CB92B5B00DE6D29 /* FMDatabaseAdditions.h */,
				EC92D8612CB92B5B00DE6D29 /* FMDatabaseAdditions.m */,
				EC92D8602CB92B5B00DE6D29 /* FMDatabasePool.h */,
				EC92D85B2CB92B5B00DE6D29 /* FMDatabasePool.m */,
				EC92D8582CB92B5B00DE6D29 /* FMDatabaseQueue.h */,
				EC92D85A2CB92B5B00DE6D29 /* FMDatabaseQueue.m */,
				EC92D8592CB92B5B00DE6D29 /* FMDB.h */,
				EC92D85E2CB92B5B00DE6D29 /* FMResultSet.h */,
				EC92D85D2CB92B5B00DE6D29 /* FMResultSet.m */,
				EC92D8412CB8F91600DE6D29 /* LaunchScreen.storyboard */,
				EC92D8682CB92E1700DE6D29 /* ToDoList.sqlite */,
				EC92D8442CB8F91600DE6D29 /* Info.plist */,
				EC92D8572CB92B5A00DE6D29 /* Innova7.Odev-SQLite-ToDoListe-Bridging-Header.h */,
			);
			path = "Innova7.Odev-SQLite-ToDoListe";
			sourceTree = "<group>";
		};
		EC92D84E2CB8F9AE00DE6D29 /* Modul */ = {
			isa = PBXGroup;
			children = (
				EC92D8532CB8FA5500DE6D29 /* ToDo.swift */,
			);
			path = Modul;
			sourceTree = "<group>";
		};
		EC92D84F2CB8F9C800DE6D29 /* UI */ = {
			isa = PBXGroup;
			children = (
				EC92D8522CB8F9E300DE6D29 /* Views */,
				EC92D8512CB8F9DA00DE6D29 /* ViewModels */,
				EC92D8502CB8F9D000DE6D29 /* TableView */,
			);
			path = UI;
			sourceTree = "<group>";
		};
		EC92D8502CB8F9D000DE6D29 /* TableView */ = {
			isa = PBXGroup;
			children = (
				EC92D86D2CB9331D00DE6D29 /* Cell.swift */,
			);
			path = TableView;
			sourceTree = "<group>";
		};
		EC92D8512CB8F9DA00DE6D29 /* ViewModels */ = {
			isa = PBXGroup;
			children = (
				EC92D86A2CB9305F00DE6D29 /* ToDoViewModel.swift */,
			);
			path = ViewModels;
			sourceTree = "<group>";
		};
		EC92D8522CB8F9E300DE6D29 /* Views */ = {
			isa = PBXGroup;
			children = (
				EC92D83A2CB8F91500DE6D29 /* MainViewController.swift */,
				EC92D86F2CB9589400DE6D29 /* DetailViewController.swift */,
				EC92D8712CB95A1F00DE6D29 /* AddToDoViewController.swift */,
			);
			path = Views;
			sourceTree = "<group>";
		};
		EC92D8552CB92B0200DE6D29 /* Frameworks */ = {
			isa = PBXGroup;
			children = (
				EC92D8562CB92B0200DE6D29 /* libsqlite3.tbd */,
			);
			name = Frameworks;
			sourceTree = "<group>";
		};
/* End PBXGroup section */

/* Begin PBXNativeTarget section */
		EC92D8322CB8F91500DE6D29 /* Innova7.Odev-SQLite-ToDoListe */ = {
			isa = PBXNativeTarget;
			buildConfigurationList = EC92D8472CB8F91600DE6D29 /* Build configuration list for PBXNativeTarget "Innova7.Odev-SQLite-ToDoListe" */;
			buildPhases = (
				EC92D82F2CB8F91500DE6D29 /* Sources */,
				EC92D8302CB8F91500DE6D29 /* Frameworks */,
				EC92D8312CB8F91500DE6D29 /* Resources */,
			);
			buildRules = (
			);
			dependencies = (
			);
			name = "Innova7.Odev-SQLite-ToDoListe";
			productName = "Innova7.Odev-SQLite-ToDoListe";
			productReference = EC92D8332CB8F91500DE6D29 /* Innova7.Odev-SQLite-ToDoListe.app */;
			productType = "com.apple.product-type.application";
		};
/* End PBXNativeTarget section */

/* Begin PBXProject section */
		EC92D82B2CB8F91500DE6D29 /* Project object */ = {
			isa = PBXProject;
			attributes = {
				BuildIndependentTargetsInParallel = 1;
				LastSwiftUpdateCheck = 1540;
				LastUpgradeCheck = 1540;
				TargetAttributes = {
					EC92D8322CB8F91500DE6D29 = {
						CreatedOnToolsVersion = 15.4;
						LastSwiftMigration = 1540;
					};
				};
			};
			buildConfigurationList = EC92D82E2CB8F91500DE6D29 /* Build configuration list for PBXProject "Innova7.Odev-SQLite-ToDoListe" */;
			compatibilityVersion = "Xcode 14.0";
			developmentRegion = en;
			hasScannedForEncodings = 0;
			knownRegions = (
				en,
				Base,
			);
			mainGroup = EC92D82A2CB8F91500DE6D29;
			productRefGroup = EC92D8342CB8F91500DE6D29 /* Products */;
			projectDirPath = "";
			projectRoot = "";
			targets = (
				EC92D8322CB8F91500DE6D29 /* Innova7.Odev-SQLite-ToDoListe */,
			);
		};
/* End PBXProject section */

/* Begin PBXResourcesBuildPhase section */
		EC92D8312CB8F91500DE6D29 /* Resources */ = {
			isa = PBXResourcesBuildPhase;
			buildActionMask = 2147483647;
			files = (
				EC92D8402CB8F91600DE6D29 /* Assets.xcassets in Resources */,
				EC92D8692CB92E1700DE6D29 /* ToDoList.sqlite in Resources */,
				EC92D8432CB8F91600DE6D29 /* Base in Resources */,
				EC92D83E2CB8F91500DE6D29 /* Base in Resources */,
			);
			runOnlyForDeploymentPostprocessing = 0;
		};
/* End PBXResourcesBuildPhase section */

/* Begin PBXSourcesBuildPhase section */
		EC92D82F2CB8F91500DE6D29 /* Sources */ = {
			isa = PBXSourcesBuildPhase;
			buildActionMask = 2147483647;
			files = (
				EC92D86B2CB9305F00DE6D29 /* ToDoViewModel.swift in Sources */,
				EC92D83B2CB8F91500DE6D29 /* MainViewController.swift in Sources */,
				EC92D8372CB8F91500DE6D29 /* AppDelegate.swift in Sources */,
				EC92D8702CB9589400DE6D29 /* DetailViewController.swift in Sources */,
				EC92D8662CB92B5B00DE6D29 /* FMDatabase.m in Sources */,
				EC92D8632CB92B5B00DE6D29 /* FMDatabaseQueue.m in Sources */,
				EC92D8542CB8FA5500DE6D29 /* ToDo.swift in Sources */,
				EC92D8642CB92B5B00DE6D29 /* FMDatabasePool.m in Sources */,
				EC92D8672CB92B5B00DE6D29 /* FMDatabaseAdditions.m in Sources */,
				EC92D86E2CB9331D00DE6D29 /* Cell.swift in Sources */,
				EC92D8652CB92B5B00DE6D29 /* FMResultSet.m in Sources */,
				EC92D8722CB95A1F00DE6D29 /* AddToDoViewController.swift in Sources */,
				EC92D8392CB8F91500DE6D29 /* SceneDelegate.swift in Sources */,
			);
			runOnlyForDeploymentPostprocessing = 0;
		};
/* End PBXSourcesBuildPhase section */

/* Begin PBXVariantGroup section */
		EC92D83C2CB8F91500DE6D29 /* Main.storyboard */ = {
			isa = PBXVariantGroup;
			children = (
				EC92D83D2CB8F91500DE6D29 /* Base */,
			);
			name = Main.storyboard;
			sourceTree = "<group>";
		};
		EC92D8412CB8F91600DE6D29 /* LaunchScreen.storyboard */ = {
			isa = PBXVariantGroup;
			children = (
				EC92D8422CB8F91600DE6D29 /* Base */,
			);
			name = LaunchScreen.storyboard;
			sourceTree = "<group>";
		};
/* End PBXVariantGroup section */

/* Begin XCBuildConfiguration section */
		EC92D8452CB8F91600DE6D29 /* Debug */ = {
			isa = XCBuildConfiguration;
			buildSettings = {
				ALWAYS_SEARCH_USER_PATHS = NO;
				ASSETCATALOG_COMPILER_GENERATE_SWIFT_ASSET_SYMBOL_EXTENSIONS = YES;
				CLANG_ANALYZER_NONNULL = YES;
				CLANG_ANALYZER_NUMBER_OBJECT_CONVERSION = YES_AGGRESSIVE;
				CLANG_CXX_LANGUAGE_STANDARD = "gnu++20";
				CLANG_ENABLE_MODULES = YES;
				CLANG_ENABLE_OBJC_ARC = YES;
				CLANG_ENABLE_OBJC_WEAK = YES;
				CLANG_WARN_BLOCK_CAPTURE_AUTORELEASING = YES;
				CLANG_WARN_BOOL_CONVERSION = YES;
				CLANG_WARN_COMMA = YES;
				CLANG_WARN_CONSTANT_CONVERSION = YES;
				CLANG_WARN_DEPRECATED_OBJC_IMPLEMENTATIONS = YES;
				CLANG_WARN_DIRECT_OBJC_ISA_USAGE = YES_ERROR;
				CLANG_WARN_DOCUMENTATION_COMMENTS = YES;
				CLANG_WARN_EMPTY_BODY = YES;
				CLANG_WARN_ENUM_CONVERSION = YES;
				CLANG_WARN_INFINITE_RECURSION = YES;
				CLANG_WARN_INT_CONVERSION = YES;
				CLANG_WARN_NON_LITERAL_NULL_CONVERSION = YES;
				CLANG_WARN_OBJC_IMPLICIT_RETAIN_SELF = YES;
				CLANG_WARN_OBJC_LITERAL_CONVERSION = YES;
				CLANG_WARN_OBJC_ROOT_CLASS = YES_ERROR;
				CLANG_WARN_QUOTED_INCLUDE_IN_FRAMEWORK_HEADER = YES;
				CLANG_WARN_RANGE_LOOP_ANALYSIS = YES;
				CLANG_WARN_STRICT_PROTOTYPES = YES;
				CLANG_WARN_SUSPICIOUS_MOVE = YES;
				CLANG_WARN_UNGUARDED_AVAILABILITY = YES_AGGRESSIVE;
				CLANG_WARN_UNREACHABLE_CODE = YES;
				CLANG_WARN__DUPLICATE_METHOD_MATCH = YES;
				COPY_PHASE_STRIP = NO;
				DEBUG_INFORMATION_FORMAT = dwarf;
				ENABLE_STRICT_OBJC_MSGSEND = YES;
				ENABLE_TESTABILITY = YES;
				ENABLE_USER_SCRIPT_SANDBOXING = YES;
				GCC_C_LANGUAGE_STANDARD = gnu17;
				GCC_DYNAMIC_NO_PIC = NO;
				GCC_NO_COMMON_BLOCKS = YES;
				GCC_OPTIMIZATION_LEVEL = 0;
				GCC_PREPROCESSOR_DEFINITIONS = (
					"DEBUG=1",
					"$(inherited)",
				);
				GCC_WARN_64_TO_32_BIT_CONVERSION = YES;
				GCC_WARN_ABOUT_RETURN_TYPE = YES_ERROR;
				GCC_WARN_UNDECLARED_SELECTOR = YES;
				GCC_WARN_UNINITIALIZED_AUTOS = YES_AGGRESSIVE;
				GCC_WARN_UNUSED_FUNCTION = YES;
				GCC_WARN_UNUSED_VARIABLE = YES;
				IPHONEOS_DEPLOYMENT_TARGET = 17.5;
				LOCALIZATION_PREFERS_STRING_CATALOGS = YES;
				MTL_ENABLE_DEBUG_INFO = INCLUDE_SOURCE;
				MTL_FAST_MATH = YES;
				ONLY_ACTIVE_ARCH = YES;
				SDKROOT = iphoneos;
				SWIFT_ACTIVE_COMPILATION_CONDITIONS = "DEBUG $(inherited)";
				SWIFT_OPTIMIZATION_LEVEL = "-Onone";
			};
			name = Debug;
		};
		EC92D8462CB8F91600DE6D29 /* Release */ = {
			isa = XCBuildConfiguration;
			buildSettings = {
				ALWAYS_SEARCH_USER_PATHS = NO;
				ASSETCATALOG_COMPILER_GENERATE_SWIFT_ASSET_SYMBOL_EXTENSIONS = YES;
				CLANG_ANALYZER_NONNULL = YES;
				CLANG_ANALYZER_NUMBER_OBJECT_CONVERSION = YES_AGGRESSIVE;
				CLANG_CXX_LANGUAGE_STANDARD = "gnu++20";
				CLANG_ENABLE_MODULES = YES;
				CLANG_ENABLE_OBJC_ARC = YES;
				CLANG_ENABLE_OBJC_WEAK = YES;
				CLANG_WARN_BLOCK_CAPTURE_AUTORELEASING = YES;
				CLANG_WARN_BOOL_CONVERSION = YES;
				CLANG_WARN_COMMA = YES;
				CLANG_WARN_CONSTANT_CONVERSION = YES;
				CLANG_WARN_DEPRECATED_OBJC_IMPLEMENTATIONS = YES;
				CLANG_WARN_DIRECT_OBJC_ISA_USAGE = YES_ERROR;
				CLANG_WARN_DOCUMENTATION_COMMENTS = YES;
				CLANG_WARN_EMPTY_BODY = YES;
				CLANG_WARN_ENUM_CONVERSION = YES;
				CLANG_WARN_INFINITE_RECURSION = YES;
				CLANG_WARN_INT_CONVERSION = YES;
				CLANG_WARN_NON_LITERAL_NULL_CONVERSION = YES;
				CLANG_WARN_OBJC_IMPLICIT_RETAIN_SELF = YES;
				CLANG_WARN_OBJC_LITERAL_CONVERSION = YES;
				CLANG_WARN_OBJC_ROOT_CLASS = YES_ERROR;
				CLANG_WARN_QUOTED_INCLUDE_IN_FRAMEWORK_HEADER = YES;
				CLANG_WARN_RANGE_LOOP_ANALYSIS = YES;
				CLANG_WARN_STRICT_PROTOTYPES = YES;
				CLANG_WARN_SUSPICIOUS_MOVE = YES;
				CLANG_WARN_UNGUARDED_AVAILABILITY = YES_AGGRESSIVE;
				CLANG_WARN_UNREACHABLE_CODE = YES;
				CLANG_WARN__DUPLICATE_METHOD_MATCH = YES;
				COPY_PHASE_STRIP = NO;
				DEBUG_INFORMATION_FORMAT = "dwarf-with-dsym";
				ENABLE_NS_ASSERTIONS = NO;
				ENABLE_STRICT_OBJC_MSGSEND = YES;
				ENABLE_USER_SCRIPT_SANDBOXING = YES;
				GCC_C_LANGUAGE_STANDARD = gnu17;
				GCC_NO_COMMON_BLOCKS = YES;
				GCC_WARN_64_TO_32_BIT_CONVERSION = YES;
				GCC_WARN_ABOUT_RETURN_TYPE = YES_ERROR;
				GCC_WARN_UNDECLARED_SELECTOR = YES;
				GCC_WARN_UNINITIALIZED_AUTOS = YES_AGGRESSIVE;
				GCC_WARN_UNUSED_FUNCTION = YES;
				GCC_WARN_UNUSED_VARIABLE = YES;
				IPHONEOS_DEPLOYMENT_TARGET = 17.5;
				LOCALIZATION_PREFERS_STRING_CATALOGS = YES;
				MTL_ENABLE_DEBUG_INFO = NO;
				MTL_FAST_MATH = YES;
				SDKROOT = iphoneos;
				SWIFT_COMPILATION_MODE = wholemodule;
				VALIDATE_PRODUCT = YES;
			};
			name = Release;
		};
		EC92D8482CB8F91600DE6D29 /* Debug */ = {
			isa = XCBuildConfiguration;
			buildSettings = {
				ASSETCATALOG_COMPILER_APPICON_NAME = AppIcon;
				ASSETCATALOG_COMPILER_GLOBAL_ACCENT_COLOR_NAME = AccentColor;
				CLANG_ENABLE_MODULES = YES;
				CODE_SIGN_STYLE = Automatic;
				CURRENT_PROJECT_VERSION = 1;
				GENERATE_INFOPLIST_FILE = YES;
				INFOPLIST_FILE = "Innova7.Odev-SQLite-ToDoListe/Info.plist";
				INFOPLIST_KEY_UIApplicationSupportsIndirectInputEvents = YES;
				INFOPLIST_KEY_UILaunchStoryboardName = LaunchScreen;
				INFOPLIST_KEY_UIMainStoryboardFile = Main;
				INFOPLIST_KEY_UISupportedInterfaceOrientations_iPad = "UIInterfaceOrientationPortrait UIInterfaceOrientationPortraitUpsideDown UIInterfaceOrientationLandscapeLeft UIInterfaceOrientationLandscapeRight";
				INFOPLIST_KEY_UISupportedInterfaceOrientations_iPhone = "UIInterfaceOrientationPortrait UIInterfaceOrientationLandscapeLeft UIInterfaceOrientationLandscapeRight";
				LD_RUNPATH_SEARCH_PATHS = (
					"$(inherited)",
					"@executable_path/Frameworks",
				);
				MARKETING_VERSION = 1.0;
				PRODUCT_BUNDLE_IDENTIFIER = "com.mervecaliskan.Innova7-Odev-SQLite-ToDoListe";
				PRODUCT_NAME = "$(TARGET_NAME)";
				SWIFT_EMIT_LOC_STRINGS = YES;
				SWIFT_OBJC_BRIDGING_HEADER = "Innova7.Odev-SQLite-ToDoListe/Innova7.Odev-SQLite-ToDoListe-Bridging-Header.h";
				SWIFT_OPTIMIZATION_LEVEL = "-Onone";
				SWIFT_VERSION = 5.0;
				TARGETED_DEVICE_FAMILY = "1,2";
			};
			name = Debug;
		};
		EC92D8492CB8F91600DE6D29 /* Release */ = {
			isa = XCBuildConfiguration;
			buildSettings = {
				ASSETCATALOG_COMPILER_APPICON_NAME = AppIcon;
				ASSETCATALOG_COMPILER_GLOBAL_ACCENT_COLOR_NAME = AccentColor;
				CLANG_ENABLE_MODULES = YES;
				CODE_SIGN_STYLE = Automatic;
				CURRENT_PROJECT_VERSION = 1;
				GENERATE_INFOPLIST_FILE = YES;
				INFOPLIST_FILE = "Innova7.Odev-SQLite-ToDoListe/Info.plist";
				INFOPLIST_KEY_UIApplicationSupportsIndirectInputEvents = YES;
				INFOPLIST_KEY_UILaunchStoryboardName = LaunchScreen;
				INFOPLIST_KEY_UIMainStoryboardFile = Main;
				INFOPLIST_KEY_UISupportedInterfaceOrientations_iPad = "UIInterfaceOrientationPortrait UIInterfaceOrientationPortraitUpsideDown UIInterfaceOrientationLandscapeLeft UIInterfaceOrientationLandscapeRight";
				INFOPLIST_KEY_UISupportedInterfaceOrientations_iPhone = "UIInterfaceOrientationPortrait UIInterfaceOrientationLandscapeLeft UIInterfaceOrientationLandscapeRight";
				LD_RUNPATH_SEARCH_PATHS = (
					"$(inherited)",
					"@executable_path/Frameworks",
				);
				MARKETING_VERSION = 1.0;
				PRODUCT_BUNDLE_IDENTIFIER = "com.mervecaliskan.Innova7-Odev-SQLite-ToDoListe";
				PRODUCT_NAME = "$(TARGET_NAME)";
				SWIFT_EMIT_LOC_STRINGS = YES;
				SWIFT_OBJC_BRIDGING_HEADER = "Innova7.Odev-SQLite-ToDoListe/Innova7.Odev-SQLite-ToDoListe-Bridging-Header.h";
				SWIFT_VERSION = 5.0;
				TARGETED_DEVICE_FAMILY = "1,2";
			};
			name = Release;
		};
/* End XCBuildConfiguration section */

/* Begin XCConfigurationList section */
		EC92D82E2CB8F91500DE6D29 /* Build configuration list for PBXProject "Innova7.Odev-SQLite-ToDoListe" */ = {
			isa = XCConfigurationList;
			buildConfigurations = (
				EC92D8452CB8F91600DE6D29 /* Debug */,
				EC92D8462CB8F91600DE6D29 /* Release */,
			);
			defaultConfigurationIsVisible = 0;
			defaultConfigurationName = Release;
		};
		EC92D8472CB8F91600DE6D29 /* Build configuration list for PBXNativeTarget "Innova7.Odev-SQLite-ToDoListe" */ = {
			isa = XCConfigurationList;
			buildConfigurations = (
				EC92D8482CB8F91600DE6D29 /* Debug */,
				EC92D8492CB8F91600DE6D29 /* Release */,
			);
			defaultConfigurationIsVisible = 0;
			defaultConfigurationName = Release;
		};
/* End XCConfigurationList section */
	};
	rootObject = EC92D82B2CB8F91500DE6D29 /* Project object */;
}
